{
  "nodes": {
    "flake-compat": {
      "flake": false,
      "locked": {
        "lastModified": 1673956053,
        "narHash": "sha256-4gtG9iQuiKITOjNQQeQIpoIB6b16fm+504Ch3sNKLd8=",
        "owner": "edolstra",
        "repo": "flake-compat",
        "rev": "35bb57c0c8d8b62bbfd284272c928ceb64ddbde9",
        "type": "github"
      },
      "original": {
        "owner": "edolstra",
        "repo": "flake-compat",
        "type": "github"
      }
    },
    "flake-utils": {
      "inputs": {
        "systems": "systems"
      },
      "locked": {
        "lastModified": 1694529238,
        "narHash": "sha256-zsNZZGTGnMOf9YpHKJqMSsa0dXbfmxeoJ7xHlrt+xmY=",
        "owner": "numtide",
        "repo": "flake-utils",
        "rev": "ff7b65b44d01cf9ba6a71320833626af21126384",
        "type": "github"
      },
      "original": {
        "owner": "numtide",
        "repo": "flake-utils",
        "type": "github"
      }
    },
    "gitignore": {
      "inputs": {
        "nixpkgs": [
          "pre-commit-hooks",
          "nixpkgs"
        ]
      },
      "locked": {
        "lastModified": 1660459072,
        "narHash": "sha256-8DFJjXG8zqoONA1vXtgeKXy68KdJL5UaXR8NtVMUbx8=",
        "owner": "hercules-ci",
        "repo": "gitignore.nix",
        "rev": "a20de23b925fd8264fd7fad6454652e142fd7f73",
        "type": "github"
      },
      "original": {
        "owner": "hercules-ci",
        "repo": "gitignore.nix",
        "type": "github"
      }
    },
    "napalm": {
      "inputs": {
        "flake-utils": [
          "flake-utils"
        ],
        "nixpkgs": [
          "nixpkgs"
        ]
      },
      "locked": {
        "lastModified": 1693932886,
        "narHash": "sha256-gx39Y3opGB25+44OjM+h1bdJyzgLD963va8ULGYlbhM=",
        "owner": "nix-community",
        "repo": "napalm",
        "rev": "4d23d68b48d163126b861ae45303dc60c1d34dab",
        "type": "github"
      },
      "original": {
        "owner": "nix-community",
        "ref": "pull/58/head",
        "repo": "napalm",
        "type": "github"
      }
    },
    "nix-github-actions": {
      "inputs": {
        "nixpkgs": [
          "poetry2nix",
          "nixpkgs"
        ]
      },
      "locked": {
        "lastModified": 1690856737,
        "narHash": "sha256-34M2FVqiKCwFUmA8/LnwxnQYiFZIL4QiNqQ1NRQX2gs=",
        "owner": "nix-community",
        "repo": "nix-github-actions",
        "rev": "bfeb681177b5128d061ebbef7ded30bc21a3f135",
        "type": "github"
      },
      "original": {
        "owner": "nix-community",
        "repo": "nix-github-actions",
        "type": "github"
      }
    },
    "nixpkgs": {
      "locked": {
        "lastModified": 1694959747,
        "narHash": "sha256-CXQ2MuledDVlVM5dLC4pB41cFlBWxRw4tCBsFrq3cRk=",
        "owner": "NixOS",
        "repo": "nixpkgs",
        "rev": "970a59bd19eff3752ce552935687100c46e820a5",
        "type": "github"
      },
      "original": {
        "owner": "NixOS",
        "ref": "nixos-unstable",
        "repo": "nixpkgs",
        "type": "github"
      }
    },
    "poetry2nix": {
      "inputs": {
        "flake-utils": [
          "flake-utils"
        ],
        "nix-github-actions": "nix-github-actions",
        "nixpkgs": [
          "nixpkgs"
        ]
      },
      "locked": {
        "lastModified": 1693210164,
        "narHash": "sha256-k1zB7g+VCNemhalASRiOvPjoQywQn+sCtKx7gQxGJnc=",
        "owner": "nix-community",
        "repo": "poetry2nix",
        "rev": "675e101afeb751077816e3bb11f5a43fa9563479",
        "type": "github"
      },
      "original": {
        "owner": "nix-community",
        "ref": "pull/1290/head",
        "repo": "poetry2nix",
        "type": "github"
      }
    },
    "pre-commit-hooks": {
      "inputs": {
        "flake-compat": "flake-compat",
        "flake-utils": [
          "flake-utils"
        ],
        "gitignore": "gitignore",
        "nixpkgs": [
          "nixpkgs"
        ],
        "nixpkgs-stable": [
          "nixpkgs"
        ]
      },
      "locked": {
        "lastModified": 1694364351,
        "narHash": "sha256-oadhSCqopYXxURwIA6/Anpe5IAG11q2LhvTJNP5zE6o=",
        "owner": "cachix",
        "repo": "pre-commit-hooks.nix",
        "rev": "4f883a76282bc28eb952570afc3d8a1bf6f481d7",
        "type": "github"
      },
      "original": {
        "owner": "cachix",
        "repo": "pre-commit-hooks.nix",
        "type": "github"
      }
    },
    "root": {
      "inputs": {
        "flake-utils": "flake-utils",
        "napalm": "napalm",
        "nixpkgs": "nixpkgs",
        "poetry2nix": "poetry2nix",
        "pre-commit-hooks": "pre-commit-hooks"
      }
    },
    "systems": {
      "locked": {
        "lastModified": 1681028828,
        "narHash": "sha256-Vy1rq5AaRuLzOxct8nz4T6wlgyUR7zLU309k9mBC768=",
        "owner": "nix-systems",
        "repo": "default",
        "rev": "da67096a3b9bf56a91d16901293e51ba5b49a27e",
        "type": "github"
      },
      "original": {
        "owner": "nix-systems",
        "repo": "default",
        "type": "github"
      }
    }
  },
  "root": "root",
  "version": 7
}
